{
  "name": "t3",
  "version": "0.0.43-nightly.20260921.2058",
  "lockfileVersion": 3,
  "requires": true,
  "packages": {
    "": {
      "name": "t3",
      "version": "0.0.43-nightly.20260921.2058",
      "license": "MIT",
      "bin": {
        "t3": "bin/t3.js"
      },
      "optionalDependencies": {
        "@t3code/t3-darwin-arm64": "0.0.43-nightly.20260921.2058",
        "@t3code/t3-linux-arm64": "0.0.43-nightly.20260921.2058",
        "@t3code/t3-linux-x64": "0.0.43-nightly.20260921.2058",
        "@t3code/t3-win32-arm64": "0.0.43-nightly.20260921.2058",
        "@t3code/t3-win32-x64": "0.0.43-nightly.20260921.2058"
      }
    },
    "node_modules/@t3code/t3-darwin-arm64": {
      "version": "0.0.43-nightly.20260921.2058",
      "resolved": "https://registry.npmjs.org/@t3code/t3-darwin-arm64/-/t3-darwin-arm64-0.0.43-nightly.20260921.2058.tgz",
      "integrity": "sha512-2lan1Grl6U1irED8Po/aHuTW7CDLPakyymYXEkziYn0uU6eZoUOzzBfmWRfZeeXSvvTMRw2ZB3/29jLh1nvyvA==",
      "bundleDependencies": [
        "@ff-labs/fff-bin-darwin-arm64",
        "@ff-labs/fff-node",
        "@yuuang/ffi-rs-darwin-arm64",
        "ffi-rs",
        "node-addon-api",
        "node-pty"
      ],
      "cpu": [
        "arm64"
      ],
      "license": "MIT",
      "optional": true,
      "os": [
        "darwin"
      ],
      "dependencies": {
        "@ff-labs/fff-bin-darwin-arm64": "0.9.4",
        "@ff-labs/fff-node": "0.9.4",
        "@yuuang/ffi-rs-darwin-arm64": "1.3.7",
        "ffi-rs": "1.3.7",
        "node-addon-api": "7.1.1",
        "node-pty": "1.1.0"
      }
    },
    "node_modules/@t3code/t3-darwin-arm64/node_modules/@ff-labs/fff-bin-darwin-arm64": {
      "version": "0.9.4",
      "cpu": [
        "arm64"
      ],
      "inBundle": true,
      "license": "MIT",
      "optional": true,
      "os": [
        "darwin"
      ]
    },
    "node_modules/@t3code/t3-darwin-arm64/node_modules/@ff-labs/fff-node": {
      "version": "0.9.4",
      "cpu": [
        "x64",
        "arm64"
      ],
      "inBundle": true,
      "license": "MIT",
      "optional": true,
      "os": [
        "darwin",
        "linux",
        "win32"
      ],
      "dependencies": {
        "ffi-rs": "^1.0.0"
      },
      "engines": {
        "node": ">=18.0.0"
      },
      "optionalDependencies": {
        "@ff-labs/fff-bin-darwin-arm64": "0.9.4",
        "@ff-labs/fff-bin-darwin-x64": "0.9.4",
        "@ff-labs/fff-bin-linux-arm64-gnu": "0.9.4",
        "@ff-labs/fff-bin-linux-arm64-musl": "0.9.4",
        "@ff-labs/fff-bin-linux-x64-gnu": "0.9.4",
        "@ff-labs/fff-bin-linux-x64-musl": "0.9.4",
        "@ff-labs/fff-bin-win32-arm64": "0.9.4",
        "@ff-labs/fff-bin-win32-x64": "0.9.4"
      }
    },
    "node_modules/@t3code/t3-darwin-arm64/node_modules/@yuuang/ffi-rs-darwin-arm64": {
      "version": "1.3.7",
      "cpu": [
        "arm64"
      ],
      "inBundle": true,
      "license": "MIT",
      "optional": true,
      "os": [
        "darwin"
      ],
      "engines": {
        "node": ">= 12"
      }
    },
    "node_modules/@t3code/t3-darwin-arm64/node_modules/ffi-rs": {
      "version": "1.3.7",
      "inBundle": true,
      "license": "MIT",
      "optional": true,
      "optionalDependencies": {
        "@yuuang/ffi-rs-android-arm64": "1.3.7",
        "@yuuang/ffi-rs-darwin-arm64": "1.3.7",
        "@yuuang/ffi-rs-darwin-x64": "1.3.7",
        "@yuuang/ffi-rs-linux-arm-gnueabihf": "1.3.7",
        "@yuuang/ffi-rs-linux-arm64-gnu": "1.3.7",
        "@yuuang/ffi-rs-linux-arm64-musl": "1.3.7",
        "@yuuang/ffi-rs-linux-x64-gnu": "1.3.7",
        "@yuuang/ffi-rs-linux-x64-musl": "1.3.7",
        "@yuuang/ffi-rs-win32-arm64-msvc": "1.3.7",
        "@yuuang/ffi-rs-win32-ia32-msvc": "1.3.7",
        "@yuuang/ffi-rs-win32-x64-msvc": "1.3.7"
      }
    },
    "node_modules/@t3code/t3-darwin-arm64/node_modules/node-addon-api": {
      "version": "7.1.1",
      "inBundle": true,
      "license": "MIT",
      "optional": true
    },
    "node_modules/@t3code/t3-darwin-arm64/node_modules/node-pty": {
      "version": "1.1.0",
      "hasInstallScript": true,
      "inBundle": true,
      "license": "MIT",
      "optional": true,
      "dependencies": {
        "node-addon-api": "^7.1.0"
      }
    },
    "node_modules/@t3code/t3-linux-arm64": {
      "version": "0.0.43-nightly.20260921.2058",
      "resolved": "https://registry.npmjs.org/@t3code/t3-linux-arm64/-/t3-linux-arm64-0.0.43-nightly.20260921.2058.tgz",
      "integrity": "sha512-pdBizj9TjVa8sbldIaoE5fLTAc2c79zFEJbxJqwmT1djTHSngm6xMkS/Kz/9/YNRcPg3ASrJfr2jCGO/0y0F/A==",
      "bundleDependencies": [
        "@ff-labs/fff-bin-linux-arm64-gnu",
        "@ff-labs/fff-bin-linux-arm64-musl",
        "@ff-labs/fff-node",
        "@yuuang/ffi-rs-linux-arm64-gnu",
        "ffi-rs",
        "node-addon-api",
        "node-pty"
      ],
      "cpu": [
        "arm64"
      ],
      "license": "MIT",
      "optional": true,
      "os": [
        "linux"
      ],
      "dependencies": {
        "@ff-labs/fff-bin-linux-arm64-gnu": "0.9.4",
        "@ff-labs/fff-bin-linux-arm64-musl": "0.9.4",
        "@ff-labs/fff-node": "0.9.4",
        "@yuuang/ffi-rs-linux-arm64-gnu": "1.3.7",
        "ffi-rs": "1.3.7",
        "node-addon-api": "7.1.1",
        "node-pty": "1.1.0"
      }
    },
    "node_modules/@t3code/t3-linux-arm64/node_modules/@ff-labs/fff-bin-linux-arm64-gnu": {
      "version": "0.9.4",
      "cpu": [
        "arm64"
      ],
      "inBundle": true,
      "libc": [
        "glibc"
      ],
      "license": "MIT",
      "optional": true,
      "os": [
        "linux"
      ]
    },
    "node_modules/@t3code/t3-linux-arm64/node_modules/@ff-labs/fff-bin-linux-arm64-musl": {
      "version": "0.9.4",
      "cpu": [
        "arm64"
      ],
      "inBundle": true,
      "libc": [
        "musl"
      ],
      "license": "MIT",
      "optional": true,
      "os": [
        "linux"
      ]
    },
    "node_modules/@t3code/t3-linux-arm64/node_modules/@ff-labs/fff-node": {
      "version": "0.9.4",
      "cpu": [
        "x64",
        "arm64"
      ],
      "inBundle": true,
      "license": "MIT",
      "optional": true,
      "os": [
        "darwin",
        "linux",
        "win32"
      ],
      "dependencies": {
        "ffi-rs": "^1.0.0"
      },
      "engines": {
        "node": ">=18.0.0"
      },
      "optionalDependencies": {
        "@ff-labs/fff-bin-darwin-arm64": "0.9.4",
        "@ff-labs/fff-bin-darwin-x64": "0.9.4",
        "@ff-labs/fff-bin-linux-arm64-gnu": "0.9.4",
        "@ff-labs/fff-bin-linux-arm64-musl": "0.9.4",
        "@ff-labs/fff-bin-linux-x64-gnu": "0.9.4",
        "@ff-labs/fff-bin-linux-x64-musl": "0.9.4",
        "@ff-labs/fff-bin-win32-arm64": "0.9.4",
        "@ff-labs/fff-bin-win32-x64": "0.9.4"
      }
    },
    "node_modules/@t3code/t3-linux-arm64/node_modules/@yuuang/ffi-rs-linux-arm64-gnu": {
      "version": "1.3.7",
      "cpu": [
        "arm64"
      ],
      "inBundle": true,
      "libc": [
        "glibc"
      ],
      "license": "MIT",
      "optional": true,
      "os": [
        "linux"
      ],
      "engines": {
        "node": ">= 12"
      }
    },
    "node_modules/@t3code/t3-linux-arm64/node_modules/ffi-rs": {
      "version": "1.3.7",
      "inBundle": true,
      "license": "MIT",
      "optional": true,
      "optionalDependencies": {
        "@yuuang/ffi-rs-android-arm64": "1.3.7",
        "@yuuang/ffi-rs-darwin-arm64": "1.3.7",
        "@yuuang/ffi-rs-darwin-x64": "1.3.7",
        "@yuuang/ffi-rs-linux-arm-gnueabihf": "1.3.7",
        "@yuuang/ffi-rs-linux-arm64-gnu": "1.3.7",
        "@yuuang/ffi-rs-linux-arm64-musl": "1.3.7",
        "@yuuang/ffi-rs-linux-x64-gnu": "1.3.7",
        "@yuuang/ffi-rs-linux-x64-musl": "1.3.7",
        "@yuuang/ffi-rs-win32-arm64-msvc": "1.3.7",
        "@yuuang/ffi-rs-win32-ia32-msvc": "1.3.7",
        "@yuuang/ffi-rs-win32-x64-msvc": "1.3.7"
      }
    },
    "node_modules/@t3code/t3-linux-arm64/node_modules/node-addon-api": {
      "version": "7.1.1",
      "inBundle": true,
      "license": "MIT",
      "optional": true
    },
    "node_modules/@t3code/t3-linux-arm64/node_modules/node-pty": {
      "version": "1.1.0",
      "hasInstallScript": true,
      "inBundle": true,
      "license": "MIT",
      "optional": true,
      "dependencies": {
        "node-addon-api": "^7.1.0"
      }
    },
    "node_modules/@t3code/t3-linux-x64": {
      "version": "0.0.43-nightly.20260921.2058",
      "resolved": "https://registry.npmjs.org/@t3code/t3-linux-x64/-/t3-linux-x64-0.0.43-nightly.20260921.2058.tgz",
      "integrity": "sha512-kQxhKbwDhlkvzVYxfSZUR1lFOhUgXE1lsyDXdQ8bQXIN1lh4Nxfpl/h0TSJDKZRNZ4bEjoIGPImwnxbMAteDvQ==",
      "bundleDependencies": [
        "@ff-labs/fff-bin-linux-x64-gnu",
        "@ff-labs/fff-bin-linux-x64-musl",
        "@ff-labs/fff-node",
        "@yuuang/ffi-rs-linux-x64-gnu",
        "ffi-rs",
        "node-addon-api",
        "node-pty"
      ],
      "cpu": [
        "x64"
      ],
      "license": "MIT",
      "optional": true,
      "os": [
        "linux"
      ],
      "dependencies": {
        "@ff-labs/fff-bin-linux-x64-gnu": "0.9.4",
        "@ff-labs/fff-bin-linux-x64-musl": "0.9.4",
        "@ff-labs/fff-node": "0.9.4",
        "@yuuang/ffi-rs-linux-x64-gnu": "1.3.7",
        "ffi-rs": "1.3.7",
        "node-addon-api": "7.1.1",
        "node-pty": "1.1.0"
      }
    },
    "node_modules/@t3code/t3-linux-x64/node_modules/@ff-labs/fff-bin-linux-x64-gnu": {
      "version": "0.9.4",
      "cpu": [
        "x64"
      ],
      "inBundle": true,
      "libc": [
        "glibc"
      ],
      "license": "MIT",
      "optional": true,
      "os": [
        "linux"
      ]
    },
    "node_modules/@t3code/t3-linux-x64/node_modules/@ff-labs/fff-bin-linux-x64-musl": {
      "version": "0.9.4",
      "cpu": [
        "x64"
      ],
      "inBundle": true,
      "libc": [
        "musl"
      ],
      "license": "MIT",
      "optional": true,
      "os": [
        "linux"
      ]
    },
    "node_modules/@t3code/t3-linux-x64/node_modules/@ff-labs/fff-node": {
      "version": "0.9.4",
      "cpu": [
        "x64",
        "arm64"
      ],
      "inBundle": true,
      "license": "MIT",
      "optional": true,
      "os": [
        "darwin",
        "linux",
        "win32"
      ],
      "dependencies": {
        "ffi-rs": "^1.0.0"
      },
      "engines": {
        "node": ">=18.0.0"
      },
      "optionalDependencies": {
        "@ff-labs/fff-bin-darwin-arm64": "0.9.4",
        "@ff-labs/fff-bin-darwin-x64": "0.9.4",
        "@ff-labs/fff-bin-linux-arm64-gnu": "0.9.4",
        "@ff-labs/fff-bin-linux-arm64-musl": "0.9.4",
        "@ff-labs/fff-bin-linux-x64-gnu": "0.9.4",
        "@ff-labs/fff-bin-linux-x64-musl": "0.9.4",
        "@ff-labs/fff-bin-win32-arm64": "0.9.4",
        "@ff-labs/fff-bin-win32-x64": "0.9.4"
      }
    },
    "node_modules/@t3code/t3-linux-x64/node_modules/@yuuang/ffi-rs-linux-x64-gnu": {
      "version": "1.3.7",
      "cpu": [
        "x64"
      ],
      "inBundle": true,
      "libc": [
        "glibc"
      ],
      "license": "MIT",
      "optional": true,
      "os": [
        "linux"
      ],
      "engines": {
        "node": ">= 12"
      }
    },
    "node_modules/@t3code/t3-linux-x64/node_modules/ffi-rs": {
      "version": "1.3.7",
      "inBundle": true,
      "license": "MIT",
      "optional": true,
      "optionalDependencies": {
        "@yuuang/ffi-rs-android-arm64": "1.3.7",
        "@yuuang/ffi-rs-darwin-arm64": "1.3.7",
        "@yuuang/ffi-rs-darwin-x64": "1.3.7",
        "@yuuang/ffi-rs-linux-arm-gnueabihf": "1.3.7",
        "@yuuang/ffi-rs-linux-arm64-gnu": "1.3.7",
        "@yuuang/ffi-rs-linux-arm64-musl": "1.3.7",
        "@yuuang/ffi-rs-linux-x64-gnu": "1.3.7",
        "@yuuang/ffi-rs-linux-x64-musl": "1.3.7",
        "@yuuang/ffi-rs-win32-arm64-msvc": "1.3.7",
        "@yuuang/ffi-rs-win32-ia32-msvc": "1.3.7",
        "@yuuang/ffi-rs-win32-x64-msvc": "1.3.7"
      }
    },
    "node_modules/@t3code/t3-linux-x64/node_modules/node-addon-api": {
      "version": "7.1.1",
      "inBundle": true,
      "license": "MIT",
      "optional": true
    },
    "node_modules/@t3code/t3-linux-x64/node_modules/node-pty": {
      "version": "1.1.0",
      "hasInstallScript": true,
      "inBundle": true,
      "license": "MIT",
      "optional": true,
      "dependencies": {
        "node-addon-api": "^7.1.0"
      }
    },
    "node_modules/@t3code/t3-win32-arm64": {
      "version": "0.0.43-nightly.20260921.2058",
      "resolved": "https://registry.npmjs.org/@t3code/t3-win32-arm64/-/t3-win32-arm64-0.0.43-nightly.20260921.2058.tgz",
      "integrity": "sha512-kcRz6Ko0LWdkvJQ3FRePe+XJ6aAR6aVpvwUrYmVcFAdH5NkDVjOGWcSm/oB/0YIgIH11UtAnpj23P5zsgv1YdQ==",
      "bundleDependencies": [
        "@ff-labs/fff-bin-win32-arm64",
        "@ff-labs/fff-node",
        "@yuuang/ffi-rs-win32-arm64-msvc",
        "ffi-rs",
        "node-addon-api",
        "node-pty"
      ],
      "cpu": [
        "arm64"
      ],
      "license": "MIT",
      "optional": true,
      "os": [
        "win32"
      ],
      "dependencies": {
        "@ff-labs/fff-bin-win32-arm64": "0.9.4",
        "@ff-labs/fff-node": "0.9.4",
        "@yuuang/ffi-rs-win32-arm64-msvc": "1.3.7",
        "ffi-rs": "1.3.7",
        "node-addon-api": "7.1.1",
        "node-pty": "1.1.0"
      }
    },
    "node_modules/@t3code/t3-win32-arm64/node_modules/@ff-labs/fff-bin-win32-arm64": {
      "version": "0.9.4",
      "cpu": [
        "arm64"
      ],
      "inBundle": true,
      "license": "MIT",
      "optional": true,
      "os": [
        "win32"
      ]
    },
    "node_modules/@t3code/t3-win32-arm64/node_modules/@ff-labs/fff-node": {
      "version": "0.9.4",
      "cpu": [
        "x64",
        "arm64"
      ],
      "inBundle": true,
      "license": "MIT",
      "optional": true,
      "os": [
        "darwin",
        "linux",
        "win32"
      ],
      "dependencies": {
        "ffi-rs": "^1.0.0"
      },
      "engines": {
        "node": ">=18.0.0"
      },
      "optionalDependencies": {
        "@ff-labs/fff-bin-darwin-arm64": "0.9.4",
        "@ff-labs/fff-bin-darwin-x64": "0.9.4",
        "@ff-labs/fff-bin-linux-arm64-gnu": "0.9.4",
        "@ff-labs/fff-bin-linux-arm64-musl": "0.9.4",
        "@ff-labs/fff-bin-linux-x64-gnu": "0.9.4",
        "@ff-labs/fff-bin-linux-x64-musl": "0.9.4",
        "@ff-labs/fff-bin-win32-arm64": "0.9.4",
        "@ff-labs/fff-bin-win32-x64": "0.9.4"
      }
    },
    "node_modules/@t3code/t3-win32-arm64/node_modules/@yuuang/ffi-rs-win32-arm64-msvc": {
      "version": "1.3.7",
      "cpu": [
        "arm64"
      ],
      "inBundle": true,
      "license": "MIT",
      "optional": true,
      "os": [
        "win32"
      ],
      "engines": {
        "node": ">= 12"
      }
    },
    "node_modules/@t3code/t3-win32-arm64/node_modules/ffi-rs": {
      "version": "1.3.7",
      "inBundle": true,
      "license": "MIT",
      "optional": true,
      "optionalDependencies": {
        "@yuuang/ffi-rs-android-arm64": "1.3.7",
        "@yuuang/ffi-rs-darwin-arm64": "1.3.7",
        "@yuuang/ffi-rs-darwin-x64": "1.3.7",
        "@yuuang/ffi-rs-linux-arm-gnueabihf": "1.3.7",
        "@yuuang/ffi-rs-linux-arm64-gnu": "1.3.7",
        "@yuuang/ffi-rs-linux-arm64-musl": "1.3.7",
        "@yuuang/ffi-rs-linux-x64-gnu": "1.3.7",
        "@yuuang/ffi-rs-linux-x64-musl": "1.3.7",
        "@yuuang/ffi-rs-win32-arm64-msvc": "1.3.7",
        "@yuuang/ffi-rs-win32-ia32-msvc": "1.3.7",
        "@yuuang/ffi-rs-win32-x64-msvc": "1.3.7"
      }
    },
    "node_modules/@t3code/t3-win32-arm64/node_modules/node-addon-api": {
      "version": "7.1.1",
      "inBundle": true,
      "license": "MIT",
      "optional": true
    },
    "node_modules/@t3code/t3-win32-arm64/node_modules/node-pty": {
      "version": "1.1.0",
      "hasInstallScript": true,
      "inBundle": true,
      "license": "MIT",
      "optional": true,
      "dependencies": {
        "node-addon-api": "^7.1.0"
      }
    },
    "node_modules/@t3code/t3-win32-x64": {
      "version": "0.0.43-nightly.20260921.2058",
      "resolved": "https://registry.npmjs.org/@t3code/t3-win32-x64/-/t3-win32-x64-0.0.43-nightly.20260921.2058.tgz",
      "integrity": "sha512-mLsRToO8DZxjZWzB3GU4kecuo12wBzzeJXXdMbppogeQGWOyL8eE32z0fN8Afn/YLWzhV6Oa3vvBH6MeydjCaw==",
      "bundleDependencies": [
        "@ff-labs/fff-bin-win32-x64",
        "@ff-labs/fff-node",
        "@yuuang/ffi-rs-win32-ia32-msvc",
        "@yuuang/ffi-rs-win32-x64-msvc",
        "ffi-rs",
        "node-addon-api",
        "node-pty"
      ],
      "cpu": [
        "x64"
      ],
      "license": "MIT",
      "optional": true,
      "os": [
        "win32"
      ],
      "dependencies": {
        "@ff-labs/fff-bin-win32-x64": "0.9.4",
        "@ff-labs/fff-node": "0.9.4",
        "@yuuang/ffi-rs-win32-ia32-msvc": "1.3.7",
        "@yuuang/ffi-rs-win32-x64-msvc": "1.3.7",
        "ffi-rs": "1.3.7",
        "node-addon-api": "7.1.1",
        "node-pty": "1.1.0"
      }
    },
    "node_modules/@t3code/t3-win32-x64/node_modules/@ff-labs/fff-bin-win32-x64": {
      "version": "0.9.4",
      "cpu": [
        "x64"
      ],
      "inBundle": true,
      "license": "MIT",
      "optional": true,
      "os": [
        "win32"
      ]
    },
    "node_modules/@t3code/t3-win32-x64/node_modules/@ff-labs/fff-node": {
      "version": "0.9.4",
      "cpu": [
        "x64",
        "arm64"
      ],
      "inBundle": true,
      "license": "MIT",
      "optional": true,
      "os": [
        "darwin",
        "linux",
        "win32"
      ],
      "dependencies": {
        "ffi-rs": "^1.0.0"
      },
      "engines": {
        "node": ">=18.0.0"
      },
      "optionalDependencies": {
        "@ff-labs/fff-bin-darwin-arm64": "0.9.4",
        "@ff-labs/fff-bin-darwin-x64": "0.9.4",
        "@ff-labs/fff-bin-linux-arm64-gnu": "0.9.4",
        "@ff-labs/fff-bin-linux-arm64-musl": "0.9.4",
        "@ff-labs/fff-bin-linux-x64-gnu": "0.9.4",
        "@ff-labs/fff-bin-linux-x64-musl": "0.9.4",
        "@ff-labs/fff-bin-win32-arm64": "0.9.4",
        "@ff-labs/fff-bin-win32-x64": "0.9.4"
      }
    },
    "node_modules/@t3code/t3-win32-x64/node_modules/@yuuang/ffi-rs-win32-ia32-msvc": {
      "version": "1.3.7",
      "cpu": [
        "x64",
        "ia32"
      ],
      "inBundle": true,
      "license": "MIT",
      "optional": true,
      "os": [
        "win32"
      ],
      "engines": {
        "node": ">= 12"
      }
    },
    "node_modules/@t3code/t3-win32-x64/node_modules/@yuuang/ffi-rs-win32-x64-msvc": {
      "version": "1.3.7",
      "cpu": [
        "x64"
      ],
      "inBundle": true,
      "license": "MIT",
      "optional": true,
      "os": [
        "win32"
      ],
      "engines": {
        "node": ">= 12"
      }
    },
    "node_modules/@t3code/t3-win32-x64/node_modules/ffi-rs": {
      "version": "1.3.7",
      "inBundle": true,
      "license": "MIT",
      "optional": true,
      "optionalDependencies": {
        "@yuuang/ffi-rs-android-arm64": "1.3.7",
        "@yuuang/ffi-rs-darwin-arm64": "1.3.7",
        "@yuuang/ffi-rs-darwin-x64": "1.3.7",
        "@yuuang/ffi-rs-linux-arm-gnueabihf": "1.3.7",
        "@yuuang/ffi-rs-linux-arm64-gnu": "1.3.7",
        "@yuuang/ffi-rs-linux-arm64-musl": "1.3.7",
        "@yuuang/ffi-rs-linux-x64-gnu": "1.3.7",
        "@yuuang/ffi-rs-linux-x64-musl": "1.3.7",
        "@yuuang/ffi-rs-win32-arm64-msvc": "1.3.7",
        "@yuuang/ffi-rs-win32-ia32-msvc": "1.3.7",
        "@yuuang/ffi-rs-win32-x64-msvc": "1.3.7"
      }
    },
    "node_modules/@t3code/t3-win32-x64/node_modules/node-addon-api": {
      "version": "7.1.1",
      "inBundle": true,
      "license": "MIT",
      "optional": true
    },
    "node_modules/@t3code/t3-win32-x64/node_modules/node-pty": {
      "version": "1.1.0",
      "hasInstallScript": true,
      "inBundle": true,
      "license": "MIT",
      "optional": true,
      "dependencies": {
        "node-addon-api": "^7.1.0"
      }
    }
  }
}
