{
  "name": "t3",
  "version": "0.0.43-nightly.20260917.1866",
  "lockfileVersion": 3,
  "requires": true,
  "packages": {
    "": {
      "name": "t3",
      "version": "0.0.43-nightly.20260917.1866",
      "license": "MIT",
      "bin": {
        "t3": "bin/t3.js"
      },
      "optionalDependencies": {
        "@t3code/t3-darwin-arm64": "0.0.43-nightly.20260917.1866",
        "@t3code/t3-linux-arm64": "0.0.43-nightly.20260917.1866",
        "@t3code/t3-linux-x64": "0.0.43-nightly.20260917.1866",
        "@t3code/t3-win32-arm64": "0.0.43-nightly.20260917.1866",
        "@t3code/t3-win32-x64": "0.0.43-nightly.20260917.1866"
      }
    },
    "node_modules/@t3code/t3-darwin-arm64": {
      "version": "0.0.43-nightly.20260917.1866",
      "resolved": "https://registry.npmjs.org/@t3code/t3-darwin-arm64/-/t3-darwin-arm64-0.0.43-nightly.20260917.1866.tgz",
      "integrity": "sha512-84CVyziJIgUwF4Mp+PReLxED5kBs3GgLcXsivfFxbqyVwfNsDjqxhUqt7NLc16YApwfYzWvwg6/3B2Q1On++Bw==",
      "bundleDependencies": [
        "@ff-labs/fff-bin-darwin-arm64",
        "@ff-labs/fff-node",
        "@msgpackr-extract/msgpackr-extract-darwin-arm64",
        "@yuuang/ffi-rs-darwin-arm64",
        "detect-libc",
        "ffi-rs",
        "msgpackr-extract",
        "node-addon-api",
        "node-gyp-build-optional-packages",
        "node-pty"
      ],
      "cpu": [
        "arm64"
      ],
      "license": "MIT",
      "optional": true,
      "os": [
        "darwin"
      ],
      "dependencies": {
        "@ff-labs/fff-bin-darwin-arm64": "0.9.4",
        "@ff-labs/fff-node": "0.9.4",
        "@msgpackr-extract/msgpackr-extract-darwin-arm64": "3.0.4",
        "@yuuang/ffi-rs-darwin-arm64": "1.3.7",
        "detect-libc": "2.1.2",
        "ffi-rs": "1.3.7",
        "msgpackr-extract": "3.0.4",
        "node-addon-api": "7.1.1",
        "node-gyp-build-optional-packages": "5.2.2",
        "node-pty": "1.1.0"
      }
    },
    "node_modules/@t3code/t3-darwin-arm64/node_modules/@ff-labs/fff-bin-darwin-arm64": {
      "version": "0.9.4",
      "cpu": [
        "arm64"
      ],
      "inBundle": true,
      "license": "MIT",
      "optional": true,
      "os": [
        "darwin"
      ]
    },
    "node_modules/@t3code/t3-darwin-arm64/node_modules/@ff-labs/fff-node": {
      "version": "0.9.4",
      "cpu": [
        "x64",
        "arm64"
      ],
      "inBundle": true,
      "license": "MIT",
      "optional": true,
      "os": [
        "darwin",
        "linux",
        "win32"
      ],
      "dependencies": {
        "ffi-rs": "^1.0.0"
      },
      "engines": {
        "node": ">=18.0.0"
      },
      "optionalDependencies": {
        "@ff-labs/fff-bin-darwin-arm64": "0.9.4",
        "@ff-labs/fff-bin-darwin-x64": "0.9.4",
        "@ff-labs/fff-bin-linux-arm64-gnu": "0.9.4",
        "@ff-labs/fff-bin-linux-arm64-musl": "0.9.4",
        "@ff-labs/fff-bin-linux-x64-gnu": "0.9.4",
        "@ff-labs/fff-bin-linux-x64-musl": "0.9.4",
        "@ff-labs/fff-bin-win32-arm64": "0.9.4",
        "@ff-labs/fff-bin-win32-x64": "0.9.4"
      }
    },
    "node_modules/@t3code/t3-darwin-arm64/node_modules/@msgpackr-extract/msgpackr-extract-darwin-arm64": {
      "version": "3.0.4",
      "cpu": [
        "arm64"
      ],
      "inBundle": true,
      "license": "MIT",
      "optional": true,
      "os": [
        "darwin"
      ]
    },
    "node_modules/@t3code/t3-darwin-arm64/node_modules/@yuuang/ffi-rs-darwin-arm64": {
      "version": "1.3.7",
      "cpu": [
        "arm64"
      ],
      "inBundle": true,
      "license": "MIT",
      "optional": true,
      "os": [
        "darwin"
      ],
      "engines": {
        "node": ">= 12"
      }
    },
    "node_modules/@t3code/t3-darwin-arm64/node_modules/detect-libc": {
      "version": "2.1.2",
      "inBundle": true,
      "license": "Apache-2.0",
      "optional": true,
      "engines": {
        "node": ">=8"
      }
    },
    "node_modules/@t3code/t3-darwin-arm64/node_modules/ffi-rs": {
      "version": "1.3.7",
      "inBundle": true,
      "license": "MIT",
      "optional": true,
      "optionalDependencies": {
        "@yuuang/ffi-rs-android-arm64": "1.3.7",
        "@yuuang/ffi-rs-darwin-arm64": "1.3.7",
        "@yuuang/ffi-rs-darwin-x64": "1.3.7",
        "@yuuang/ffi-rs-linux-arm-gnueabihf": "1.3.7",
        "@yuuang/ffi-rs-linux-arm64-gnu": "1.3.7",
        "@yuuang/ffi-rs-linux-arm64-musl": "1.3.7",
        "@yuuang/ffi-rs-linux-x64-gnu": "1.3.7",
        "@yuuang/ffi-rs-linux-x64-musl": "1.3.7",
        "@yuuang/ffi-rs-win32-arm64-msvc": "1.3.7",
        "@yuuang/ffi-rs-win32-ia32-msvc": "1.3.7",
        "@yuuang/ffi-rs-win32-x64-msvc": "1.3.7"
      }
    },
    "node_modules/@t3code/t3-darwin-arm64/node_modules/msgpackr-extract": {
      "version": "3.0.4",
      "hasInstallScript": true,
      "inBundle": true,
      "license": "MIT",
      "optional": true,
      "dependencies": {
        "node-gyp-build-optional-packages": "5.2.2"
      },
      "bin": {
        "download-msgpackr-prebuilds": "bin/download-prebuilds.js"
      },
      "optionalDependencies": {
        "@msgpackr-extract/msgpackr-extract-darwin-arm64": "3.0.4",
        "@msgpackr-extract/msgpackr-extract-darwin-x64": "3.0.4",
        "@msgpackr-extract/msgpackr-extract-linux-arm": "3.0.4",
        "@msgpackr-extract/msgpackr-extract-linux-arm64": "3.0.4",
        "@msgpackr-extract/msgpackr-extract-linux-x64": "3.0.4",
        "@msgpackr-extract/msgpackr-extract-win32-x64": "3.0.4"
      }
    },
    "node_modules/@t3code/t3-darwin-arm64/node_modules/node-addon-api": {
      "version": "7.1.1",
      "inBundle": true,
      "license": "MIT",
      "optional": true
    },
    "node_modules/@t3code/t3-darwin-arm64/node_modules/node-gyp-build-optional-packages": {
      "version": "5.2.2",
      "inBundle": true,
      "license": "MIT",
      "optional": true,
      "dependencies": {
        "detect-libc": "^2.0.1"
      },
      "bin": {
        "node-gyp-build-optional-packages": "bin.js",
        "node-gyp-build-optional-packages-optional": "optional.js",
        "node-gyp-build-optional-packages-test": "build-test.js"
      }
    },
    "node_modules/@t3code/t3-darwin-arm64/node_modules/node-pty": {
      "version": "1.1.0",
      "hasInstallScript": true,
      "inBundle": true,
      "license": "MIT",
      "optional": true,
      "dependencies": {
        "node-addon-api": "^7.1.0"
      }
    },
    "node_modules/@t3code/t3-linux-arm64": {
      "version": "0.0.43-nightly.20260917.1866",
      "resolved": "https://registry.npmjs.org/@t3code/t3-linux-arm64/-/t3-linux-arm64-0.0.43-nightly.20260917.1866.tgz",
      "integrity": "sha512-lbsmx97nJ3PUXmWXLVJiC9pD8Vj3TQhwyZVH8LDjgCc1qs83ctKyS+ctMhXCui29XjdUo1c1iL9YMXYe7LkKGw==",
      "bundleDependencies": [
        "@ff-labs/fff-bin-linux-arm64-gnu",
        "@ff-labs/fff-bin-linux-arm64-musl",
        "@ff-labs/fff-node",
        "@msgpackr-extract/msgpackr-extract-linux-arm64",
        "@yuuang/ffi-rs-linux-arm64-gnu",
        "detect-libc",
        "ffi-rs",
        "msgpackr-extract",
        "node-addon-api",
        "node-gyp-build-optional-packages",
        "node-pty"
      ],
      "cpu": [
        "arm64"
      ],
      "license": "MIT",
      "optional": true,
      "os": [
        "linux"
      ],
      "dependencies": {
        "@ff-labs/fff-bin-linux-arm64-gnu": "0.9.4",
        "@ff-labs/fff-bin-linux-arm64-musl": "0.9.4",
        "@ff-labs/fff-node": "0.9.4",
        "@msgpackr-extract/msgpackr-extract-linux-arm64": "3.0.4",
        "@yuuang/ffi-rs-linux-arm64-gnu": "1.3.7",
        "detect-libc": "2.1.2",
        "ffi-rs": "1.3.7",
        "msgpackr-extract": "3.0.4",
        "node-addon-api": "7.1.1",
        "node-gyp-build-optional-packages": "5.2.2",
        "node-pty": "1.1.0"
      }
    },
    "node_modules/@t3code/t3-linux-arm64/node_modules/@ff-labs/fff-bin-linux-arm64-gnu": {
      "version": "0.9.4",
      "cpu": [
        "arm64"
      ],
      "inBundle": true,
      "libc": [
        "glibc"
      ],
      "license": "MIT",
      "optional": true,
      "os": [
        "linux"
      ]
    },
    "node_modules/@t3code/t3-linux-arm64/node_modules/@ff-labs/fff-bin-linux-arm64-musl": {
      "version": "0.9.4",
      "cpu": [
        "arm64"
      ],
      "inBundle": true,
      "libc": [
        "musl"
      ],
      "license": "MIT",
      "optional": true,
      "os": [
        "linux"
      ]
    },
    "node_modules/@t3code/t3-linux-arm64/node_modules/@ff-labs/fff-node": {
      "version": "0.9.4",
      "cpu": [
        "x64",
        "arm64"
      ],
      "inBundle": true,
      "license": "MIT",
      "optional": true,
      "os": [
        "darwin",
        "linux",
        "win32"
      ],
      "dependencies": {
        "ffi-rs": "^1.0.0"
      },
      "engines": {
        "node": ">=18.0.0"
      },
      "optionalDependencies": {
        "@ff-labs/fff-bin-darwin-arm64": "0.9.4",
        "@ff-labs/fff-bin-darwin-x64": "0.9.4",
        "@ff-labs/fff-bin-linux-arm64-gnu": "0.9.4",
        "@ff-labs/fff-bin-linux-arm64-musl": "0.9.4",
        "@ff-labs/fff-bin-linux-x64-gnu": "0.9.4",
        "@ff-labs/fff-bin-linux-x64-musl": "0.9.4",
        "@ff-labs/fff-bin-win32-arm64": "0.9.4",
        "@ff-labs/fff-bin-win32-x64": "0.9.4"
      }
    },
    "node_modules/@t3code/t3-linux-arm64/node_modules/@msgpackr-extract/msgpackr-extract-linux-arm64": {
      "version": "3.0.4",
      "cpu": [
        "arm64"
      ],
      "inBundle": true,
      "license": "MIT",
      "optional": true,
      "os": [
        "linux"
      ]
    },
    "node_modules/@t3code/t3-linux-arm64/node_modules/@yuuang/ffi-rs-linux-arm64-gnu": {
      "version": "1.3.7",
      "cpu": [
        "arm64"
      ],
      "inBundle": true,
      "libc": [
        "glibc"
      ],
      "license": "MIT",
      "optional": true,
      "os": [
        "linux"
      ],
      "engines": {
        "node": ">= 12"
      }
    },
    "node_modules/@t3code/t3-linux-arm64/node_modules/detect-libc": {
      "version": "2.1.2",
      "inBundle": true,
      "license": "Apache-2.0",
      "optional": true,
      "engines": {
        "node": ">=8"
      }
    },
    "node_modules/@t3code/t3-linux-arm64/node_modules/ffi-rs": {
      "version": "1.3.7",
      "inBundle": true,
      "license": "MIT",
      "optional": true,
      "optionalDependencies": {
        "@yuuang/ffi-rs-android-arm64": "1.3.7",
        "@yuuang/ffi-rs-darwin-arm64": "1.3.7",
        "@yuuang/ffi-rs-darwin-x64": "1.3.7",
        "@yuuang/ffi-rs-linux-arm-gnueabihf": "1.3.7",
        "@yuuang/ffi-rs-linux-arm64-gnu": "1.3.7",
        "@yuuang/ffi-rs-linux-arm64-musl": "1.3.7",
        "@yuuang/ffi-rs-linux-x64-gnu": "1.3.7",
        "@yuuang/ffi-rs-linux-x64-musl": "1.3.7",
        "@yuuang/ffi-rs-win32-arm64-msvc": "1.3.7",
        "@yuuang/ffi-rs-win32-ia32-msvc": "1.3.7",
        "@yuuang/ffi-rs-win32-x64-msvc": "1.3.7"
      }
    },
    "node_modules/@t3code/t3-linux-arm64/node_modules/msgpackr-extract": {
      "version": "3.0.4",
      "hasInstallScript": true,
      "inBundle": true,
      "license": "MIT",
      "optional": true,
      "dependencies": {
        "node-gyp-build-optional-packages": "5.2.2"
      },
      "bin": {
        "download-msgpackr-prebuilds": "bin/download-prebuilds.js"
      },
      "optionalDependencies": {
        "@msgpackr-extract/msgpackr-extract-darwin-arm64": "3.0.4",
        "@msgpackr-extract/msgpackr-extract-darwin-x64": "3.0.4",
        "@msgpackr-extract/msgpackr-extract-linux-arm": "3.0.4",
        "@msgpackr-extract/msgpackr-extract-linux-arm64": "3.0.4",
        "@msgpackr-extract/msgpackr-extract-linux-x64": "3.0.4",
        "@msgpackr-extract/msgpackr-extract-win32-x64": "3.0.4"
      }
    },
    "node_modules/@t3code/t3-linux-arm64/node_modules/node-addon-api": {
      "version": "7.1.1",
      "inBundle": true,
      "license": "MIT",
      "optional": true
    },
    "node_modules/@t3code/t3-linux-arm64/node_modules/node-gyp-build-optional-packages": {
      "version": "5.2.2",
      "inBundle": true,
      "license": "MIT",
      "optional": true,
      "dependencies": {
        "detect-libc": "^2.0.1"
      },
      "bin": {
        "node-gyp-build-optional-packages": "bin.js",
        "node-gyp-build-optional-packages-optional": "optional.js",
        "node-gyp-build-optional-packages-test": "build-test.js"
      }
    },
    "node_modules/@t3code/t3-linux-arm64/node_modules/node-pty": {
      "version": "1.1.0",
      "hasInstallScript": true,
      "inBundle": true,
      "license": "MIT",
      "optional": true,
      "dependencies": {
        "node-addon-api": "^7.1.0"
      }
    },
    "node_modules/@t3code/t3-linux-x64": {
      "version": "0.0.43-nightly.20260917.1866",
      "resolved": "https://registry.npmjs.org/@t3code/t3-linux-x64/-/t3-linux-x64-0.0.43-nightly.20260917.1866.tgz",
      "integrity": "sha512-Xhvj6AIHgS2XUlDmDxO9R4CTABAm5Nm7imojfLLHNa0K69dDQiqvz7/LpmsMOPSe7Y17Mjs6dmr7QUD/8WV3Vg==",
      "bundleDependencies": [
        "@ff-labs/fff-bin-linux-x64-gnu",
        "@ff-labs/fff-bin-linux-x64-musl",
        "@ff-labs/fff-node",
        "@msgpackr-extract/msgpackr-extract-linux-x64",
        "@yuuang/ffi-rs-linux-x64-gnu",
        "detect-libc",
        "ffi-rs",
        "msgpackr-extract",
        "node-addon-api",
        "node-gyp-build-optional-packages",
        "node-pty"
      ],
      "cpu": [
        "x64"
      ],
      "license": "MIT",
      "optional": true,
      "os": [
        "linux"
      ],
      "dependencies": {
        "@ff-labs/fff-bin-linux-x64-gnu": "0.9.4",
        "@ff-labs/fff-bin-linux-x64-musl": "0.9.4",
        "@ff-labs/fff-node": "0.9.4",
        "@msgpackr-extract/msgpackr-extract-linux-x64": "3.0.4",
        "@yuuang/ffi-rs-linux-x64-gnu": "1.3.7",
        "detect-libc": "2.1.2",
        "ffi-rs": "1.3.7",
        "msgpackr-extract": "3.0.4",
        "node-addon-api": "7.1.1",
        "node-gyp-build-optional-packages": "5.2.2",
        "node-pty": "1.1.0"
      }
    },
    "node_modules/@t3code/t3-linux-x64/node_modules/@ff-labs/fff-bin-linux-x64-gnu": {
      "version": "0.9.4",
      "cpu": [
        "x64"
      ],
      "inBundle": true,
      "libc": [
        "glibc"
      ],
      "license": "MIT",
      "optional": true,
      "os": [
        "linux"
      ]
    },
    "node_modules/@t3code/t3-linux-x64/node_modules/@ff-labs/fff-bin-linux-x64-musl": {
      "version": "0.9.4",
      "cpu": [
        "x64"
      ],
      "inBundle": true,
      "libc": [
        "musl"
      ],
      "license": "MIT",
      "optional": true,
      "os": [
        "linux"
      ]
    },
    "node_modules/@t3code/t3-linux-x64/node_modules/@ff-labs/fff-node": {
      "version": "0.9.4",
      "cpu": [
        "x64",
        "arm64"
      ],
      "inBundle": true,
      "license": "MIT",
      "optional": true,
      "os": [
        "darwin",
        "linux",
        "win32"
      ],
      "dependencies": {
        "ffi-rs": "^1.0.0"
      },
      "engines": {
        "node": ">=18.0.0"
      },
      "optionalDependencies": {
        "@ff-labs/fff-bin-darwin-arm64": "0.9.4",
        "@ff-labs/fff-bin-darwin-x64": "0.9.4",
        "@ff-labs/fff-bin-linux-arm64-gnu": "0.9.4",
        "@ff-labs/fff-bin-linux-arm64-musl": "0.9.4",
        "@ff-labs/fff-bin-linux-x64-gnu": "0.9.4",
        "@ff-labs/fff-bin-linux-x64-musl": "0.9.4",
        "@ff-labs/fff-bin-win32-arm64": "0.9.4",
        "@ff-labs/fff-bin-win32-x64": "0.9.4"
      }
    },
    "node_modules/@t3code/t3-linux-x64/node_modules/@msgpackr-extract/msgpackr-extract-linux-x64": {
      "version": "3.0.4",
      "cpu": [
        "x64"
      ],
      "inBundle": true,
      "license": "MIT",
      "optional": true,
      "os": [
        "linux"
      ]
    },
    "node_modules/@t3code/t3-linux-x64/node_modules/@yuuang/ffi-rs-linux-x64-gnu": {
      "version": "1.3.7",
      "cpu": [
        "x64"
      ],
      "inBundle": true,
      "libc": [
        "glibc"
      ],
      "license": "MIT",
      "optional": true,
      "os": [
        "linux"
      ],
      "engines": {
        "node": ">= 12"
      }
    },
    "node_modules/@t3code/t3-linux-x64/node_modules/detect-libc": {
      "version": "2.1.2",
      "inBundle": true,
      "license": "Apache-2.0",
      "optional": true,
      "engines": {
        "node": ">=8"
      }
    },
    "node_modules/@t3code/t3-linux-x64/node_modules/ffi-rs": {
      "version": "1.3.7",
      "inBundle": true,
      "license": "MIT",
      "optional": true,
      "optionalDependencies": {
        "@yuuang/ffi-rs-android-arm64": "1.3.7",
        "@yuuang/ffi-rs-darwin-arm64": "1.3.7",
        "@yuuang/ffi-rs-darwin-x64": "1.3.7",
        "@yuuang/ffi-rs-linux-arm-gnueabihf": "1.3.7",
        "@yuuang/ffi-rs-linux-arm64-gnu": "1.3.7",
        "@yuuang/ffi-rs-linux-arm64-musl": "1.3.7",
        "@yuuang/ffi-rs-linux-x64-gnu": "1.3.7",
        "@yuuang/ffi-rs-linux-x64-musl": "1.3.7",
        "@yuuang/ffi-rs-win32-arm64-msvc": "1.3.7",
        "@yuuang/ffi-rs-win32-ia32-msvc": "1.3.7",
        "@yuuang/ffi-rs-win32-x64-msvc": "1.3.7"
      }
    },
    "node_modules/@t3code/t3-linux-x64/node_modules/msgpackr-extract": {
      "version": "3.0.4",
      "hasInstallScript": true,
      "inBundle": true,
      "license": "MIT",
      "optional": true,
      "dependencies": {
        "node-gyp-build-optional-packages": "5.2.2"
      },
      "bin": {
        "download-msgpackr-prebuilds": "bin/download-prebuilds.js"
      },
      "optionalDependencies": {
        "@msgpackr-extract/msgpackr-extract-darwin-arm64": "3.0.4",
        "@msgpackr-extract/msgpackr-extract-darwin-x64": "3.0.4",
        "@msgpackr-extract/msgpackr-extract-linux-arm": "3.0.4",
        "@msgpackr-extract/msgpackr-extract-linux-arm64": "3.0.4",
        "@msgpackr-extract/msgpackr-extract-linux-x64": "3.0.4",
        "@msgpackr-extract/msgpackr-extract-win32-x64": "3.0.4"
      }
    },
    "node_modules/@t3code/t3-linux-x64/node_modules/node-addon-api": {
      "version": "7.1.1",
      "inBundle": true,
      "license": "MIT",
      "optional": true
    },
    "node_modules/@t3code/t3-linux-x64/node_modules/node-gyp-build-optional-packages": {
      "version": "5.2.2",
      "inBundle": true,
      "license": "MIT",
      "optional": true,
      "dependencies": {
        "detect-libc": "^2.0.1"
      },
      "bin": {
        "node-gyp-build-optional-packages": "bin.js",
        "node-gyp-build-optional-packages-optional": "optional.js",
        "node-gyp-build-optional-packages-test": "build-test.js"
      }
    },
    "node_modules/@t3code/t3-linux-x64/node_modules/node-pty": {
      "version": "1.1.0",
      "hasInstallScript": true,
      "inBundle": true,
      "license": "MIT",
      "optional": true,
      "dependencies": {
        "node-addon-api": "^7.1.0"
      }
    },
    "node_modules/@t3code/t3-win32-arm64": {
      "version": "0.0.43-nightly.20260917.1866",
      "resolved": "https://registry.npmjs.org/@t3code/t3-win32-arm64/-/t3-win32-arm64-0.0.43-nightly.20260917.1866.tgz",
      "integrity": "sha512-OrfXXAo4lixWuVWoNGaIy0Y/d/C4XjaOy3WMhTMiFLJq/FxRXIgcMg4kLAZaxJJJP9A0WCrFkivTwiCCNQiu4Q==",
      "bundleDependencies": [
        "@ff-labs/fff-bin-win32-arm64",
        "@ff-labs/fff-node",
        "@yuuang/ffi-rs-win32-arm64-msvc",
        "detect-libc",
        "ffi-rs",
        "msgpackr-extract",
        "node-addon-api",
        "node-gyp-build-optional-packages",
        "node-pty"
      ],
      "cpu": [
        "arm64"
      ],
      "license": "MIT",
      "optional": true,
      "os": [
        "win32"
      ],
      "dependencies": {
        "@ff-labs/fff-bin-win32-arm64": "0.9.4",
        "@ff-labs/fff-node": "0.9.4",
        "@yuuang/ffi-rs-win32-arm64-msvc": "1.3.7",
        "detect-libc": "2.1.2",
        "ffi-rs": "1.3.7",
        "msgpackr-extract": "3.0.4",
        "node-addon-api": "7.1.1",
        "node-gyp-build-optional-packages": "5.2.2",
        "node-pty": "1.1.0"
      }
    },
    "node_modules/@t3code/t3-win32-arm64/node_modules/@ff-labs/fff-bin-win32-arm64": {
      "version": "0.9.4",
      "cpu": [
        "arm64"
      ],
      "inBundle": true,
      "license": "MIT",
      "optional": true,
      "os": [
        "win32"
      ]
    },
    "node_modules/@t3code/t3-win32-arm64/node_modules/@ff-labs/fff-node": {
      "version": "0.9.4",
      "cpu": [
        "x64",
        "arm64"
      ],
      "inBundle": true,
      "license": "MIT",
      "optional": true,
      "os": [
        "darwin",
        "linux",
        "win32"
      ],
      "dependencies": {
        "ffi-rs": "^1.0.0"
      },
      "engines": {
        "node": ">=18.0.0"
      },
      "optionalDependencies": {
        "@ff-labs/fff-bin-darwin-arm64": "0.9.4",
        "@ff-labs/fff-bin-darwin-x64": "0.9.4",
        "@ff-labs/fff-bin-linux-arm64-gnu": "0.9.4",
        "@ff-labs/fff-bin-linux-arm64-musl": "0.9.4",
        "@ff-labs/fff-bin-linux-x64-gnu": "0.9.4",
        "@ff-labs/fff-bin-linux-x64-musl": "0.9.4",
        "@ff-labs/fff-bin-win32-arm64": "0.9.4",
        "@ff-labs/fff-bin-win32-x64": "0.9.4"
      }
    },
    "node_modules/@t3code/t3-win32-arm64/node_modules/@yuuang/ffi-rs-win32-arm64-msvc": {
      "version": "1.3.7",
      "cpu": [
        "arm64"
      ],
      "inBundle": true,
      "license": "MIT",
      "optional": true,
      "os": [
        "win32"
      ],
      "engines": {
        "node": ">= 12"
      }
    },
    "node_modules/@t3code/t3-win32-arm64/node_modules/detect-libc": {
      "version": "2.1.2",
      "inBundle": true,
      "license": "Apache-2.0",
      "optional": true,
      "engines": {
        "node": ">=8"
      }
    },
    "node_modules/@t3code/t3-win32-arm64/node_modules/ffi-rs": {
      "version": "1.3.7",
      "inBundle": true,
      "license": "MIT",
      "optional": true,
      "optionalDependencies": {
        "@yuuang/ffi-rs-android-arm64": "1.3.7",
        "@yuuang/ffi-rs-darwin-arm64": "1.3.7",
        "@yuuang/ffi-rs-darwin-x64": "1.3.7",
        "@yuuang/ffi-rs-linux-arm-gnueabihf": "1.3.7",
        "@yuuang/ffi-rs-linux-arm64-gnu": "1.3.7",
        "@yuuang/ffi-rs-linux-arm64-musl": "1.3.7",
        "@yuuang/ffi-rs-linux-x64-gnu": "1.3.7",
        "@yuuang/ffi-rs-linux-x64-musl": "1.3.7",
        "@yuuang/ffi-rs-win32-arm64-msvc": "1.3.7",
        "@yuuang/ffi-rs-win32-ia32-msvc": "1.3.7",
        "@yuuang/ffi-rs-win32-x64-msvc": "1.3.7"
      }
    },
    "node_modules/@t3code/t3-win32-arm64/node_modules/msgpackr-extract": {
      "version": "3.0.4",
      "hasInstallScript": true,
      "inBundle": true,
      "license": "MIT",
      "optional": true,
      "dependencies": {
        "node-gyp-build-optional-packages": "5.2.2"
      },
      "bin": {
        "download-msgpackr-prebuilds": "bin/download-prebuilds.js"
      },
      "optionalDependencies": {
        "@msgpackr-extract/msgpackr-extract-darwin-arm64": "3.0.4",
        "@msgpackr-extract/msgpackr-extract-darwin-x64": "3.0.4",
        "@msgpackr-extract/msgpackr-extract-linux-arm": "3.0.4",
        "@msgpackr-extract/msgpackr-extract-linux-arm64": "3.0.4",
        "@msgpackr-extract/msgpackr-extract-linux-x64": "3.0.4",
        "@msgpackr-extract/msgpackr-extract-win32-x64": "3.0.4"
      }
    },
    "node_modules/@t3code/t3-win32-arm64/node_modules/node-addon-api": {
      "version": "7.1.1",
      "inBundle": true,
      "license": "MIT",
      "optional": true
    },
    "node_modules/@t3code/t3-win32-arm64/node_modules/node-gyp-build-optional-packages": {
      "version": "5.2.2",
      "inBundle": true,
      "license": "MIT",
      "optional": true,
      "dependencies": {
        "detect-libc": "^2.0.1"
      },
      "bin": {
        "node-gyp-build-optional-packages": "bin.js",
        "node-gyp-build-optional-packages-optional": "optional.js",
        "node-gyp-build-optional-packages-test": "build-test.js"
      }
    },
    "node_modules/@t3code/t3-win32-arm64/node_modules/node-pty": {
      "version": "1.1.0",
      "hasInstallScript": true,
      "inBundle": true,
      "license": "MIT",
      "optional": true,
      "dependencies": {
        "node-addon-api": "^7.1.0"
      }
    },
    "node_modules/@t3code/t3-win32-x64": {
      "version": "0.0.43-nightly.20260917.1866",
      "resolved": "https://registry.npmjs.org/@t3code/t3-win32-x64/-/t3-win32-x64-0.0.43-nightly.20260917.1866.tgz",
      "integrity": "sha512-weoOsLYv5o6faXkKcyz6OZI+EJn769KeR+RNryfa059oybcLIKCBQr8vagDe0nlgYMOVMhrhph2sMCVDlgAFMw==",
      "bundleDependencies": [
        "@ff-labs/fff-bin-win32-x64",
        "@ff-labs/fff-node",
        "@msgpackr-extract/msgpackr-extract-win32-x64",
        "@yuuang/ffi-rs-win32-ia32-msvc",
        "@yuuang/ffi-rs-win32-x64-msvc",
        "detect-libc",
        "ffi-rs",
        "msgpackr-extract",
        "node-addon-api",
        "node-gyp-build-optional-packages",
        "node-pty"
      ],
      "cpu": [
        "x64"
      ],
      "license": "MIT",
      "optional": true,
      "os": [
        "win32"
      ],
      "dependencies": {
        "@ff-labs/fff-bin-win32-x64": "0.9.4",
        "@ff-labs/fff-node": "0.9.4",
        "@msgpackr-extract/msgpackr-extract-win32-x64": "3.0.4",
        "@yuuang/ffi-rs-win32-ia32-msvc": "1.3.7",
        "@yuuang/ffi-rs-win32-x64-msvc": "1.3.7",
        "detect-libc": "2.1.2",
        "ffi-rs": "1.3.7",
        "msgpackr-extract": "3.0.4",
        "node-addon-api": "7.1.1",
        "node-gyp-build-optional-packages": "5.2.2",
        "node-pty": "1.1.0"
      }
    },
    "node_modules/@t3code/t3-win32-x64/node_modules/@ff-labs/fff-bin-win32-x64": {
      "version": "0.9.4",
      "cpu": [
        "x64"
      ],
      "inBundle": true,
      "license": "MIT",
      "optional": true,
      "os": [
        "win32"
      ]
    },
    "node_modules/@t3code/t3-win32-x64/node_modules/@ff-labs/fff-node": {
      "version": "0.9.4",
      "cpu": [
        "x64",
        "arm64"
      ],
      "inBundle": true,
      "license": "MIT",
      "optional": true,
      "os": [
        "darwin",
        "linux",
        "win32"
      ],
      "dependencies": {
        "ffi-rs": "^1.0.0"
      },
      "engines": {
        "node": ">=18.0.0"
      },
      "optionalDependencies": {
        "@ff-labs/fff-bin-darwin-arm64": "0.9.4",
        "@ff-labs/fff-bin-darwin-x64": "0.9.4",
        "@ff-labs/fff-bin-linux-arm64-gnu": "0.9.4",
        "@ff-labs/fff-bin-linux-arm64-musl": "0.9.4",
        "@ff-labs/fff-bin-linux-x64-gnu": "0.9.4",
        "@ff-labs/fff-bin-linux-x64-musl": "0.9.4",
        "@ff-labs/fff-bin-win32-arm64": "0.9.4",
        "@ff-labs/fff-bin-win32-x64": "0.9.4"
      }
    },
    "node_modules/@t3code/t3-win32-x64/node_modules/@msgpackr-extract/msgpackr-extract-win32-x64": {
      "version": "3.0.4",
      "cpu": [
        "x64"
      ],
      "inBundle": true,
      "license": "MIT",
      "optional": true,
      "os": [
        "win32"
      ]
    },
    "node_modules/@t3code/t3-win32-x64/node_modules/@yuuang/ffi-rs-win32-ia32-msvc": {
      "version": "1.3.7",
      "cpu": [
        "x64",
        "ia32"
      ],
      "inBundle": true,
      "license": "MIT",
      "optional": true,
      "os": [
        "win32"
      ],
      "engines": {
        "node": ">= 12"
      }
    },
    "node_modules/@t3code/t3-win32-x64/node_modules/@yuuang/ffi-rs-win32-x64-msvc": {
      "version": "1.3.7",
      "cpu": [
        "x64"
      ],
      "inBundle": true,
      "license": "MIT",
      "optional": true,
      "os": [
        "win32"
      ],
      "engines": {
        "node": ">= 12"
      }
    },
    "node_modules/@t3code/t3-win32-x64/node_modules/detect-libc": {
      "version": "2.1.2",
      "inBundle": true,
      "license": "Apache-2.0",
      "optional": true,
      "engines": {
        "node": ">=8"
      }
    },
    "node_modules/@t3code/t3-win32-x64/node_modules/ffi-rs": {
      "version": "1.3.7",
      "inBundle": true,
      "license": "MIT",
      "optional": true,
      "optionalDependencies": {
        "@yuuang/ffi-rs-android-arm64": "1.3.7",
        "@yuuang/ffi-rs-darwin-arm64": "1.3.7",
        "@yuuang/ffi-rs-darwin-x64": "1.3.7",
        "@yuuang/ffi-rs-linux-arm-gnueabihf": "1.3.7",
        "@yuuang/ffi-rs-linux-arm64-gnu": "1.3.7",
        "@yuuang/ffi-rs-linux-arm64-musl": "1.3.7",
        "@yuuang/ffi-rs-linux-x64-gnu": "1.3.7",
        "@yuuang/ffi-rs-linux-x64-musl": "1.3.7",
        "@yuuang/ffi-rs-win32-arm64-msvc": "1.3.7",
        "@yuuang/ffi-rs-win32-ia32-msvc": "1.3.7",
        "@yuuang/ffi-rs-win32-x64-msvc": "1.3.7"
      }
    },
    "node_modules/@t3code/t3-win32-x64/node_modules/msgpackr-extract": {
      "version": "3.0.4",
      "hasInstallScript": true,
      "inBundle": true,
      "license": "MIT",
      "optional": true,
      "dependencies": {
        "node-gyp-build-optional-packages": "5.2.2"
      },
      "bin": {
        "download-msgpackr-prebuilds": "bin/download-prebuilds.js"
      },
      "optionalDependencies": {
        "@msgpackr-extract/msgpackr-extract-darwin-arm64": "3.0.4",
        "@msgpackr-extract/msgpackr-extract-darwin-x64": "3.0.4",
        "@msgpackr-extract/msgpackr-extract-linux-arm": "3.0.4",
        "@msgpackr-extract/msgpackr-extract-linux-arm64": "3.0.4",
        "@msgpackr-extract/msgpackr-extract-linux-x64": "3.0.4",
        "@msgpackr-extract/msgpackr-extract-win32-x64": "3.0.4"
      }
    },
    "node_modules/@t3code/t3-win32-x64/node_modules/node-addon-api": {
      "version": "7.1.1",
      "inBundle": true,
      "license": "MIT",
      "optional": true
    },
    "node_modules/@t3code/t3-win32-x64/node_modules/node-gyp-build-optional-packages": {
      "version": "5.2.2",
      "inBundle": true,
      "license": "MIT",
      "optional": true,
      "dependencies": {
        "detect-libc": "^2.0.1"
      },
      "bin": {
        "node-gyp-build-optional-packages": "bin.js",
        "node-gyp-build-optional-packages-optional": "optional.js",
        "node-gyp-build-optional-packages-test": "build-test.js"
      }
    },
    "node_modules/@t3code/t3-win32-x64/node_modules/node-pty": {
      "version": "1.1.0",
      "hasInstallScript": true,
      "inBundle": true,
      "license": "MIT",
      "optional": true,
      "dependencies": {
        "node-addon-api": "^7.1.0"
      }
    }
  }
}
